{
  "name": "ada-2022-project-zozoz",
  "lockfileVersion": 2,
  "requires": true,
  "packages": {
    "": {
      "dependencies": {
        "svelte-plotly.js": "^0.3.2"
      }
    },
    "node_modules/@types/lodash": {
      "version": "4.14.191",
      "resolved": "https://registry.npmjs.org/@types/lodash/-/lodash-4.14.191.tgz",
      "integrity": "sha512-BdZ5BCCvho3EIXw6wUCXHe7rS53AIDPLE+JzwgT+OsJk53oBfbSmZZ7CX4VaRoN78N+TJpFi9QPlfIVNmJYWxQ=="
    },
    "node_modules/@types/lodash-es": {
      "version": "4.17.6",
      "resolved": "https://registry.npmjs.org/@types/lodash-es/-/lodash-es-4.17.6.tgz",
      "integrity": "sha512-R+zTeVUKDdfoRxpAryaQNRKk3105Rrgx2CFRClIgRGaqDTdjsm8h6IYA8ir584W3ePzkZfst5xIgDwYrlh9HLg==",
      "dependencies": {
        "@types/lodash": "*"
      }
    },
    "node_modules/@types/plotly.js": {
      "version": "2.12.11",
      "resolved": "https://registry.npmjs.org/@types/plotly.js/-/plotly.js-2.12.11.tgz",
      "integrity": "sha512-FouDGLsFVFTBqedZSUK4LjPYm1HYRJeGfIideEhgsUu4htNmLGsVbbH7SUaCljYKbiZkeCCWinvVYJe8o3m6og=="
    },
    "node_modules/lodash-es": {
      "version": "4.17.21",
      "resolved": "https://registry.npmjs.org/lodash-es/-/lodash-es-4.17.21.tgz",
      "integrity": "sha512-mKnC+QJ9pWVzv+C4/U3rRsHapFfHvQFoFB92e52xeyGMcX6/OlIl78je1u8vePzYZSkkogMPJ2yjxxsb89cxyw=="
    },
    "node_modules/plotly.js-dist": {
      "version": "2.16.5",
      "resolved": "https://registry.npmjs.org/plotly.js-dist/-/plotly.js-dist-2.16.5.tgz",
      "integrity": "sha512-ZvT1qhGGLM7U0FBMyxYN54UExnHLdlJR9OsxYyr4pvnGPar04zAN5wo/iwxy2XZkO1FhNVIHquoCEq5qEphMdg==",
      "peer": true
    },
    "node_modules/svelte-plotly.js": {
      "version": "0.3.2",
      "resolved": "https://registry.npmjs.org/svelte-plotly.js/-/svelte-plotly.js-0.3.2.tgz",
      "integrity": "sha512-9OtCLoYfa8CluRkEod8NOa35GW5Y98+tZN7RKZLM7B4mYhsizSPvevLvxkN39XW7+jvx6rugUKTUtb6YQlYyNA==",
      "dependencies": {
        "@types/lodash-es": "^4.17.6",
        "@types/plotly.js": "^2.12.5",
        "lodash-es": "^4.17"
      },
      "peerDependencies": {
        "plotly.js-dist": "^2.12"
      }
    }
  },
  "dependencies": {
    "@types/lodash": {
      "version": "4.14.191",
      "resolved": "https://registry.npmjs.org/@types/lodash/-/lodash-4.14.191.tgz",
      "integrity": "sha512-BdZ5BCCvho3EIXw6wUCXHe7rS53AIDPLE+JzwgT+OsJk53oBfbSmZZ7CX4VaRoN78N+TJpFi9QPlfIVNmJYWxQ=="
    },
    "@types/lodash-es": {
      "version": "4.17.6",
      "resolved": "https://registry.npmjs.org/@types/lodash-es/-/lodash-es-4.17.6.tgz",
      "integrity": "sha512-R+zTeVUKDdfoRxpAryaQNRKk3105Rrgx2CFRClIgRGaqDTdjsm8h6IYA8ir584W3ePzkZfst5xIgDwYrlh9HLg==",
      "requires": {
        "@types/lodash": "*"
      }
    },
    "@types/plotly.js": {
      "version": "2.12.11",
      "resolved": "https://registry.npmjs.org/@types/plotly.js/-/plotly.js-2.12.11.tgz",
      "integrity": "sha512-FouDGLsFVFTBqedZSUK4LjPYm1HYRJeGfIideEhgsUu4htNmLGsVbbH7SUaCljYKbiZkeCCWinvVYJe8o3m6og=="
    },
    "lodash-es": {
      "version": "4.17.21",
      "resolved": "https://registry.npmjs.org/lodash-es/-/lodash-es-4.17.21.tgz",
      "integrity": "sha512-mKnC+QJ9pWVzv+C4/U3rRsHapFfHvQFoFB92e52xeyGMcX6/OlIl78je1u8vePzYZSkkogMPJ2yjxxsb89cxyw=="
    },
    "plotly.js-dist": {
      "version": "2.16.5",
      "resolved": "https://registry.npmjs.org/plotly.js-dist/-/plotly.js-dist-2.16.5.tgz",
      "integrity": "sha512-ZvT1qhGGLM7U0FBMyxYN54UExnHLdlJR9OsxYyr4pvnGPar04zAN5wo/iwxy2XZkO1FhNVIHquoCEq5qEphMdg==",
      "peer": true
    },
    "svelte-plotly.js": {
      "version": "0.3.2",
      "resolved": "https://registry.npmjs.org/svelte-plotly.js/-/svelte-plotly.js-0.3.2.tgz",
      "integrity": "sha512-9OtCLoYfa8CluRkEod8NOa35GW5Y98+tZN7RKZLM7B4mYhsizSPvevLvxkN39XW7+jvx6rugUKTUtb6YQlYyNA==",
      "requires": {
        "@types/lodash-es": "^4.17.6",
        "@types/plotly.js": "^2.12.5",
        "lodash-es": "^4.17"
      }
    }
  }
}
